// !$*UTF8*$!
{
	archiveVersion = 1;
	classes = {
	};
	objectVersion = 46;
	objects = {

/* Begin PBXBuildFile section */
		72A1AF07921DAD9C5D96B634 /* Pods_Docplexus_demo.framework in Frameworks */ = {isa = PBXBuildFile; fileRef = 5FC2A38C67019485E12E6B23 /* Pods_Docplexus_demo.framework */; };
		99331BCB205ABD0E008B5373 /* AppDelegate.swift in Sources */ = {isa = PBXBuildFile; fileRef = 99331BCA205ABD0E008B5373 /* AppDelegate.swift */; };
		99331BCD205ABD0E008B5373 /* ViewController.swift in Sources */ = {isa = PBXBuildFile; fileRef = 99331BCC205ABD0E008B5373 /* ViewController.swift */; };
		99331BD0205ABD0E008B5373 /* Main.storyboard in Resources */ = {isa = PBXBuildFile; fileRef = 99331BCE205ABD0E008B5373 /* Main.storyboard */; };
		99331BD2205ABD0E008B5373 /* Assets.xcassets in Resources */ = {isa = PBXBuildFile; fileRef = 99331BD1205ABD0E008B5373 /* Assets.xcassets */; };
		99331BD5205ABD0E008B5373 /* LaunchScreen.storyboard in Resources */ = {isa = PBXBuildFile; fileRef = 99331BD3205ABD0E008B5373 /* LaunchScreen.storyboard */; };
		99331BDF205AC325008B5373 /* ProfileTableViewCell.swift in Sources */ = {isa = PBXBuildFile; fileRef = 99331BDE205AC325008B5373 /* ProfileTableViewCell.swift */; };
		99331BE1205ADB25008B5373 /* Utility.swift in Sources */ = {isa = PBXBuildFile; fileRef = 99331BE0205ADB25008B5373 /* Utility.swift */; };
		99331BE3205ADB32008B5373 /* Constant.swift in Sources */ = {isa = PBXBuildFile; fileRef = 99331BE2205ADB32008B5373 /* Constant.swift */; };
		99331BE5205AFF76008B5373 /* Presenter.swift in Sources */ = {isa = PBXBuildFile; fileRef = 99331BE4205AFF76008B5373 /* Presenter.swift */; };
		99331BE8205B0197008B5373 /* posts.json in Resources */ = {isa = PBXBuildFile; fileRef = 99331BE7205B0197008B5373 /* posts.json */; };
		99331BEB205B0954008B5373 /* Model.swift in Sources */ = {isa = PBXBuildFile; fileRef = 99331BEA205B0954008B5373 /* Model.swift */; };
		995E5F5C205BE5450013ECE0 /* PageMenuViewController.swift in Sources */ = {isa = PBXBuildFile; fileRef = 995E5F5B205BE5450013ECE0 /* PageMenuViewController.swift */; };
		995E5F5E205BEBEC0013ECE0 /* NotificationViewController.swift in Sources */ = {isa = PBXBuildFile; fileRef = 995E5F5D205BEBEC0013ECE0 /* NotificationViewController.swift */; };
		995E5F60205BEFFF0013ECE0 /* ProfileViewController.swift in Sources */ = {isa = PBXBuildFile; fileRef = 995E5F5F205BEFFF0013ECE0 /* ProfileViewController.swift */; };
		995E5F62205BF0CD0013ECE0 /* GuidelineViewController.swift in Sources */ = {isa = PBXBuildFile; fileRef = 995E5F61205BF0CD0013ECE0 /* GuidelineViewController.swift */; };
		99B2EDC6205B234D007004DB /* ConnectionManager.swift in Sources */ = {isa = PBXBuildFile; fileRef = 99B2EDC5205B234D007004DB /* ConnectionManager.swift */; };
/* End PBXBuildFile section */

/* Begin PBXFileReference section */
		5FC2A38C67019485E12E6B23 /* Pods_Docplexus_demo.framework */ = {isa = PBXFileReference; explicitFileType = wrapper.framework; includeInIndex = 0; path = Pods_Docplexus_demo.framework; sourceTree = BUILT_PRODUCTS_DIR; };
		99331BC7205ABD0E008B5373 /* Docplexus_demo.app */ = {isa = PBXFileReference; explicitFileType = wrapper.application; includeInIndex = 0; path = Docplexus_demo.app; sourceTree = BUILT_PRODUCTS_DIR; };
		99331BCA205ABD0E008B5373 /* AppDelegate.swift */ = {isa = PBXFileReference; lastKnownFileType = sourcecode.swift; path = AppDelegate.swift; sourceTree = "<group>"; };
		99331BCC205ABD0E008B5373 /* ViewController.swift */ = {isa = PBXFileReference; lastKnownFileType = sourcecode.swift; path = ViewController.swift; sourceTree = "<group>"; };
		99331BCF205ABD0E008B5373 /* Base */ = {isa = PBXFileReference; lastKnownFileType = file.storyboard; name = Base; path = Base.lproj/Main.storyboard; sourceTree = "<group>"; };
		99331BD1205ABD0E008B5373 /* Assets.xcassets */ = {isa = PBXFileReference; lastKnownFileType = folder.assetcatalog; path = Assets.xcassets; sourceTree = "<group>"; };
		99331BD4205ABD0E008B5373 /* Base */ = {isa = PBXFileReference; lastKnownFileType = file.storyboard; name = Base; path = Base.lproj/LaunchScreen.storyboard; sourceTree = "<group>"; };
		99331BD6205ABD0E008B5373 /* Info.plist */ = {isa = PBXFileReference; lastKnownFileType = text.plist.xml; path = Info.plist; sourceTree = "<group>"; };
		99331BDE205AC325008B5373 /* ProfileTableViewCell.swift */ = {isa = PBXFileReference; fileEncoding = 4; lastKnownFileType = sourcecode.swift; path = ProfileTableViewCell.swift; sourceTree = "<group>"; };
		99331BE0205ADB25008B5373 /* Utility.swift */ = {isa = PBXFileReference; fileEncoding = 4; lastKnownFileType = sourcecode.swift; path = Utility.swift; sourceTree = "<group>"; };
		99331BE2205ADB32008B5373 /* Constant.swift */ = {isa = PBXFileReference; fileEncoding = 4; lastKnownFileType = sourcecode.swift; path = Constant.swift; sourceTree = "<group>"; };
		99331BE4205AFF76008B5373 /* Presenter.swift */ = {isa = PBXFileReference; fileEncoding = 4; lastKnownFileType = sourcecode.swift; name = Presenter.swift; path = Presenter/Presenter.swift; sourceTree = "<group>"; };
		99331BE7205B0197008B5373 /* posts.json */ = {isa = PBXFileReference; fileEncoding = 4; lastKnownFileType = text.json; path = posts.json; sourceTree = "<group>"; };
		99331BEA205B0954008B5373 /* Model.swift */ = {isa = PBXFileReference; fileEncoding = 4; lastKnownFileType = sourcecode.swift; name = Model.swift; path = Model/Model.swift; sourceTree = "<group>"; };
		995E5F5B205BE5450013ECE0 /* PageMenuViewController.swift */ = {isa = PBXFileReference; fileEncoding = 4; lastKnownFileType = sourcecode.swift; path = PageMenuViewController.swift; sourceTree = "<group>"; };
		995E5F5D205BEBEC0013ECE0 /* NotificationViewController.swift */ = {isa = PBXFileReference; fileEncoding = 4; lastKnownFileType = sourcecode.swift; path = NotificationViewController.swift; sourceTree = "<group>"; };
		995E5F5F205BEFFF0013ECE0 /* ProfileViewController.swift */ = {isa = PBXFileReference; fileEncoding = 4; lastKnownFileType = sourcecode.swift; path = ProfileViewController.swift; sourceTree = "<group>"; };
		995E5F61205BF0CD0013ECE0 /* GuidelineViewController.swift */ = {isa = PBXFileReference; fileEncoding = 4; lastKnownFileType = sourcecode.swift; path = GuidelineViewController.swift; sourceTree = "<group>"; };
		99B2EDC5205B234D007004DB /* ConnectionManager.swift */ = {isa = PBXFileReference; fileEncoding = 4; lastKnownFileType = sourcecode.swift; path = ConnectionManager.swift; sourceTree = "<group>"; };
		D60F7C5239565034221A6C0C /* Pods-Docplexus_demo.release.xcconfig */ = {isa = PBXFileReference; includeInIndex = 1; lastKnownFileType = text.xcconfig; name = "Pods-Docplexus_demo.release.xcconfig"; path = "Pods/Target Support Files/Pods-Docplexus_demo/Pods-Docplexus_demo.release.xcconfig"; sourceTree = "<group>"; };
		FFD04A05C0DB779CC8BE86BF /* Pods-Docplexus_demo.debug.xcconfig */ = {isa = PBXFileReference; includeInIndex = 1; lastKnownFileType = text.xcconfig; name = "Pods-Docplexus_demo.debug.xcconfig"; path = "Pods/Target Support Files/Pods-Docplexus_demo/Pods-Docplexus_demo.debug.xcconfig"; sourceTree = "<group>"; };
/* End PBXFileReference section */

/* Begin PBXFrameworksBuildPhase section */
		99331BC4205ABD0E008B5373 /* Frameworks */ = {
			isa = PBXFrameworksBuildPhase;
			buildActionMask = 2147483647;
			files = (
				72A1AF07921DAD9C5D96B634 /* Pods_Docplexus_demo.framework in Frameworks */,
			);
			runOnlyForDeploymentPostprocessing = 0;
		};
/* End PBXFrameworksBuildPhase section */

/* Begin PBXGroup section */
		1567A3C50ED15D730A15BB47 /* Frameworks */ = {
			isa = PBXGroup;
			children = (
				5FC2A38C67019485E12E6B23 /* Pods_Docplexus_demo.framework */,
			);
			name = Frameworks;
			sourceTree = "<group>";
		};
		99331BBE205ABD0E008B5373 = {
			isa = PBXGroup;
			children = (
				99331BC9205ABD0E008B5373 /* Docplexus_demo */,
				99331BC8205ABD0E008B5373 /* Products */,
				B418766E445B0195CF3E171D /* Pods */,
				1567A3C50ED15D730A15BB47 /* Frameworks */,
			);
			sourceTree = "<group>";
		};
		99331BC8205ABD0E008B5373 /* Products */ = {
			isa = PBXGroup;
			children = (
				99331BC7205ABD0E008B5373 /* Docplexus_demo.app */,
			);
			name = Products;
			sourceTree = "<group>";
		};
		99331BC9205ABD0E008B5373 /* Docplexus_demo */ = {
			isa = PBXGroup;
			children = (
				99331BDC205ABD35008B5373 /* Main */,
				99331BDD205ABE4B008B5373 /* View */,
				99331BEC205B095B008B5373 /* Model */,
				99331BE6205B00F3008B5373 /* presenter */,
			);
			path = Docplexus_demo;
			sourceTree = "<group>";
		};
		99331BDC205ABD35008B5373 /* Main */ = {
			isa = PBXGroup;
			children = (
				99331BCA205ABD0E008B5373 /* AppDelegate.swift */,
				99331BCE205ABD0E008B5373 /* Main.storyboard */,
				99331BD1205ABD0E008B5373 /* Assets.xcassets */,
				99331BD3205ABD0E008B5373 /* LaunchScreen.storyboard */,
				99331BD6205ABD0E008B5373 /* Info.plist */,
				99331BE9205B01AC008B5373 /* Utility */,
			);
			name = Main;
			sourceTree = "<group>";
		};
		99331BDD205ABE4B008B5373 /* View */ = {
			isa = PBXGroup;
			children = (
				99331BCC205ABD0E008B5373 /* ViewController.swift */,
				99331BDE205AC325008B5373 /* ProfileTableViewCell.swift */,
				995E5F5B205BE5450013ECE0 /* PageMenuViewController.swift */,
				995E5F5D205BEBEC0013ECE0 /* NotificationViewController.swift */,
				995E5F5F205BEFFF0013ECE0 /* ProfileViewController.swift */,
				995E5F61205BF0CD0013ECE0 /* GuidelineViewController.swift */,
			);
			name = View;
			sourceTree = "<group>";
		};
		99331BE6205B00F3008B5373 /* presenter */ = {
			isa = PBXGroup;
			children = (
				99331BE4205AFF76008B5373 /* Presenter.swift */,
			);
			name = presenter;
			sourceTree = "<group>";
		};
		99331BE9205B01AC008B5373 /* Utility */ = {
			isa = PBXGroup;
			children = (
				99331BE2205ADB32008B5373 /* Constant.swift */,
				99331BE0205ADB25008B5373 /* Utility.swift */,
				99331BE7205B0197008B5373 /* posts.json */,
				99B2EDC5205B234D007004DB /* ConnectionManager.swift */,
			);
			name = Utility;
			sourceTree = "<group>";
		};
		99331BEC205B095B008B5373 /* Model */ = {
			isa = PBXGroup;
			children = (
				99331BEA205B0954008B5373 /* Model.swift */,
			);
			name = Model;
			sourceTree = "<group>";
		};
		B418766E445B0195CF3E171D /* Pods */ = {
			isa = PBXGroup;
			children = (
				FFD04A05C0DB779CC8BE86BF /* Pods-Docplexus_demo.debug.xcconfig */,
				D60F7C5239565034221A6C0C /* Pods-Docplexus_demo.release.xcconfig */,
			);
			name = Pods;
			sourceTree = "<group>";
		};
/* End PBXGroup section */

/* Begin PBXNativeTarget section */
		99331BC6205ABD0E008B5373 /* Docplexus_demo */ = {
			isa = PBXNativeTarget;
			buildConfigurationList = 99331BD9205ABD0E008B5373 /* Build configuration list for PBXNativeTarget "Docplexus_demo" */;
			buildPhases = (
				2A5F4C7469319240C223F1E5 /* [CP] Check Pods Manifest.lock */,
				99331BC3205ABD0E008B5373 /* Sources */,
				99331BC4205ABD0E008B5373 /* Frameworks */,
				99331BC5205ABD0E008B5373 /* Resources */,
				1F7AA87A18039D1C6075F9D7 /* [CP] Embed Pods Frameworks */,
				073ED5E811F88A9B479AF8EA /* [CP] Copy Pods Resources */,
			);
			buildRules = (
			);
			dependencies = (
			);
			name = Docplexus_demo;
			productName = Docplexus_demo;
			productReference = 99331BC7205ABD0E008B5373 /* Docplexus_demo.app */;
			productType = "com.apple.product-type.application";
		};
/* End PBXNativeTarget section */

/* Begin PBXProject section */
		99331BBF205ABD0E008B5373 /* Project object */ = {
			isa = PBXProject;
			attributes = {
				LastSwiftUpdateCheck = 0830;
				LastUpgradeCheck = 0830;
				ORGANIZATIONNAME = "Priyanka Kanse";
				TargetAttributes = {
					99331BC6205ABD0E008B5373 = {
						CreatedOnToolsVersion = 8.3.3;
						DevelopmentTeam = 9K42YM4LDF;
						ProvisioningStyle = Automatic;
					};
				};
			};
			buildConfigurationList = 99331BC2205ABD0E008B5373 /* Build configuration list for PBXProject "Docplexus_demo" */;
			compatibilityVersion = "Xcode 3.2";
			developmentRegion = English;
			hasScannedForEncodings = 0;
			knownRegions = (
				en,
				Base,
			);
			mainGroup = 99331BBE205ABD0E008B5373;
			productRefGroup = 99331BC8205ABD0E008B5373 /* Products */;
			projectDirPath = "";
			projectRoot = "";
			targets = (
				99331BC6205ABD0E008B5373 /* Docplexus_demo */,
			);
		};
/* End PBXProject section */

/* Begin PBXResourcesBuildPhase section */
		99331BC5205ABD0E008B5373 /* Resources */ = {
			isa = PBXResourcesBuildPhase;
			buildActionMask = 2147483647;
			files = (
				99331BD5205ABD0E008B5373 /* LaunchScreen.storyboard in Resources */,
				99331BD2205ABD0E008B5373 /* Assets.xcassets in Resources */,
				99331BD0205ABD0E008B5373 /* Main.storyboard in Resources */,
				99331BE8205B0197008B5373 /* posts.json in Resources */,
			);
			runOnlyForDeploymentPostprocessing = 0;
		};
/* End PBXResourcesBuildPhase section */

/* Begin PBXShellScriptBuildPhase section */
		073ED5E811F88A9B479AF8EA /* [CP] Copy Pods Resources */ = {
			isa = PBXShellScriptBuildPhase;
			buildActionMask = 2147483647;
			files = (
			);
			inputPaths = (
			);
			name = "[CP] Copy Pods Resources";
			outputPaths = (
			);
			runOnlyForDeploymentPostprocessing = 0;
			shellPath = /bin/sh;
			shellScript = "\"${SRCROOT}/Pods/Target Support Files/Pods-Docplexus_demo/Pods-Docplexus_demo-resources.sh\"\n";
			showEnvVarsInLog = 0;
		};
		1F7AA87A18039D1C6075F9D7 /* [CP] Embed Pods Frameworks */ = {
			isa = PBXShellScriptBuildPhase;
			buildActionMask = 2147483647;
			files = (
			);
			inputPaths = (
				"${SRCROOT}/Pods/Target Support Files/Pods-Docplexus_demo/Pods-Docplexus_demo-frameworks.sh",
				"${BUILT_PRODUCTS_DIR}/PageMenu/PageMenu.framework",
			);
			name = "[CP] Embed Pods Frameworks";
			outputPaths = (
				"${TARGET_BUILD_DIR}/${FRAMEWORKS_FOLDER_PATH}/PageMenu.framework",
			);
			runOnlyForDeploymentPostprocessing = 0;
			shellPath = /bin/sh;
			shellScript = "\"${SRCROOT}/Pods/Target Support Files/Pods-Docplexus_demo/Pods-Docplexus_demo-frameworks.sh\"\n";
			showEnvVarsInLog = 0;
		};
		2A5F4C7469319240C223F1E5 /* [CP] Check Pods Manifest.lock */ = {
			isa = PBXShellScriptBuildPhase;
			buildActionMask = 2147483647;
			files = (
			);
			inputPaths = (
				"${PODS_PODFILE_DIR_PATH}/Podfile.lock",
				"${PODS_ROOT}/Manifest.lock",
			);
			name = "[CP] Check Pods Manifest.lock";
			outputPaths = (
				"$(DERIVED_FILE_DIR)/Pods-Docplexus_demo-checkManifestLockResult.txt",
			);
			runOnlyForDeploymentPostprocessing = 0;
			shellPath = /bin/sh;
			shellScript = "diff \"${PODS_PODFILE_DIR_PATH}/Podfile.lock\" \"${PODS_ROOT}/Manifest.lock\" > /dev/null\nif [ $? != 0 ] ; then\n    # print error to STDERR\n    echo \"error: The sandbox is not in sync with the Podfile.lock. Run 'pod install' or update your CocoaPods installation.\" >&2\n    exit 1\nfi\n# This output is used by Xcode 'outputs' to avoid re-running this script phase.\necho \"SUCCESS\" > \"${SCRIPT_OUTPUT_FILE_0}\"\n";
			showEnvVarsInLog = 0;
		};
/* End PBXShellScriptBuildPhase section */

/* Begin PBXSourcesBuildPhase section */
		99331BC3205ABD0E008B5373 /* Sources */ = {
			isa = PBXSourcesBuildPhase;
			buildActionMask = 2147483647;
			files = (
				995E5F5E205BEBEC0013ECE0 /* NotificationViewController.swift in Sources */,
				99331BEB205B0954008B5373 /* Model.swift in Sources */,
				995E5F5C205BE5450013ECE0 /* PageMenuViewController.swift in Sources */,
				99331BE5205AFF76008B5373 /* Presenter.swift in Sources */,
				99331BE1205ADB25008B5373 /* Utility.swift in Sources */,
				995E5F62205BF0CD0013ECE0 /* GuidelineViewController.swift in Sources */,
				99331BDF205AC325008B5373 /* ProfileTableViewCell.swift in Sources */,
				995E5F60205BEFFF0013ECE0 /* ProfileViewController.swift in Sources */,
				99331BE3205ADB32008B5373 /* Constant.swift in Sources */,
				99B2EDC6205B234D007004DB /* ConnectionManager.swift in Sources */,
				99331BCD205ABD0E008B5373 /* ViewController.swift in Sources */,
				99331BCB205ABD0E008B5373 /* AppDelegate.swift in Sources */,
			);
			runOnlyForDeploymentPostprocessing = 0;
		};
/* End PBXSourcesBuildPhase section */

/* Begin PBXVariantGroup section */
		99331BCE205ABD0E008B5373 /* Main.storyboard */ = {
			isa = PBXVariantGroup;
			children = (
				99331BCF205ABD0E008B5373 /* Base */,
			);
			name = Main.storyboard;
			sourceTree = "<group>";
		};
		99331BD3205ABD0E008B5373 /* LaunchScreen.storyboard */ = {
			isa = PBXVariantGroup;
			children = (
				99331BD4205ABD0E008B5373 /* Base */,
			);
			name = LaunchScreen.storyboard;
			sourceTree = "<group>";
		};
/* End PBXVariantGroup section */

/* Begin XCBuildConfiguration section */
		99331BD7205ABD0E008B5373 /* Debug */ = {
			isa = XCBuildConfiguration;
			buildSettings = {
				ALWAYS_SEARCH_USER_PATHS = NO;
				CLANG_ANALYZER_NONNULL = YES;
				CLANG_ANALYZER_NUMBER_OBJECT_CONVERSION = YES_AGGRESSIVE;
				CLANG_CXX_LANGUAGE_STANDARD = "gnu++0x";
				CLANG_CXX_LIBRARY = "libc++";
				CLANG_ENABLE_MODULES = YES;
				CLANG_ENABLE_OBJC_ARC = YES;
				CLANG_WARN_BOOL_CONVERSION = YES;
				CLANG_WARN_CONSTANT_CONVERSION = YES;
				CLANG_WARN_DIRECT_OBJC_ISA_USAGE = YES_ERROR;
				CLANG_WARN_DOCUMENTATION_COMMENTS = YES;
				CLANG_WARN_EMPTY_BODY = YES;
				CLANG_WARN_ENUM_CONVERSION = YES;
				CLANG_WARN_INFINITE_RECURSION = YES;
				CLANG_WARN_INT_CONVERSION = YES;
				CLANG_WARN_OBJC_ROOT_CLASS = YES_ERROR;
				CLANG_WARN_SUSPICIOUS_MOVE = YES;
				CLANG_WARN_UNREACHABLE_CODE = YES;
				CLANG_WARN__DUPLICATE_METHOD_MATCH = YES;
				"CODE_SIGN_IDENTITY[sdk=iphoneos*]" = "iPhone Developer";
				COPY_PHASE_STRIP = NO;
				DEBUG_INFORMATION_FORMAT = dwarf;
				ENABLE_STRICT_OBJC_MSGSEND = YES;
				ENABLE_TESTABILITY = YES;
				GCC_C_LANGUAGE_STANDARD = gnu99;
				GCC_DYNAMIC_NO_PIC = NO;
				GCC_NO_COMMON_BLOCKS = YES;
				GCC_OPTIMIZATION_LEVEL = 0;
				GCC_PREPROCESSOR_DEFINITIONS = (
					"DEBUG=1",
					"$(inherited)",
				);
				GCC_WARN_64_TO_32_BIT_CONVERSION = YES;
				GCC_WARN_ABOUT_RETURN_TYPE = YES_ERROR;
				GCC_WARN_UNDECLARED_SELECTOR = YES;
				GCC_WARN_UNINITIALIZED_AUTOS = YES_AGGRESSIVE;
				GCC_WARN_UNUSED_FUNCTION = YES;
				GCC_WARN_UNUSED_VARIABLE = YES;
				IPHONEOS_DEPLOYMENT_TARGET = 10.3;
				MTL_ENABLE_DEBUG_INFO = YES;
				ONLY_ACTIVE_ARCH = YES;
				SDKROOT = iphoneos;
				SWIFT_ACTIVE_COMPILATION_CONDITIONS = DEBUG;
				SWIFT_OPTIMIZATION_LEVEL = "-Onone";
				TARGETED_DEVICE_FAMILY = "1,2";
			};
			name = Debug;
		};
		99331BD8205ABD0E008B5373 /* Release */ = {
			isa = XCBuildConfiguration;
			buildSettings = {
				ALWAYS_SEARCH_USER_PATHS = NO;
				CLANG_ANALYZER_NONNULL = YES;
				CLANG_ANALYZER_NUMBER_OBJECT_CONVERSION = YES_AGGRESSIVE;
				CLANG_CXX_LANGUAGE_STANDARD = "gnu++0x";
				CLANG_CXX_LIBRARY = "libc++";
				CLANG_ENABLE_MODULES = YES;
				CLANG_ENABLE_OBJC_ARC = YES;
				CLANG_WARN_BOOL_CONVERSION = YES;
				CLANG_WARN_CONSTANT_CONVERSION = YES;
				CLANG_WARN_DIRECT_OBJC_ISA_USAGE = YES_ERROR;
				CLANG_WARN_DOCUMENTATION_COMMENTS = YES;
				CLANG_WARN_EMPTY_BODY = YES;
				CLANG_WARN_ENUM_CONVERSION = YES;
				CLANG_WARN_INFINITE_RECURSION = YES;
				CLANG_WARN_INT_CONVERSION = YES;
				CLANG_WARN_OBJC_ROOT_CLASS = YES_ERROR;
				CLANG_WARN_SUSPICIOUS_MOVE = YES;
				CLANG_WARN_UNREACHABLE_CODE = YES;
				CLANG_WARN__DUPLICATE_METHOD_MATCH = YES;
				"CODE_SIGN_IDENTITY[sdk=iphoneos*]" = "iPhone Developer";
				COPY_PHASE_STRIP = NO;
				DEBUG_INFORMATION_FORMAT = "dwarf-with-dsym";
				ENABLE_NS_ASSERTIONS = NO;
				ENABLE_STRICT_OBJC_MSGSEND = YES;
				GCC_C_LANGUAGE_STANDARD = gnu99;
				GCC_NO_COMMON_BLOCKS = YES;
				GCC_WARN_64_TO_32_BIT_CONVERSION = YES;
				GCC_WARN_ABOUT_RETURN_TYPE = YES_ERROR;
				GCC_WARN_UNDECLARED_SELECTOR = YES;
				GCC_WARN_UNINITIALIZED_AUTOS = YES_AGGRESSIVE;
				GCC_WARN_UNUSED_FUNCTION = YES;
				GCC_WARN_UNUSED_VARIABLE = YES;
				IPHONEOS_DEPLOYMENT_TARGET = 10.3;
				MTL_ENABLE_DEBUG_INFO = NO;
				SDKROOT = iphoneos;
				SWIFT_OPTIMIZATION_LEVEL = "-Owholemodule";
				TARGETED_DEVICE_FAMILY = "1,2";
				VALIDATE_PRODUCT = YES;
			};
			name = Release;
		};
		99331BDA205ABD0E008B5373 /* Debug */ = {
			isa = XCBuildConfiguration;
			baseConfigurationReference = FFD04A05C0DB779CC8BE86BF /* Pods-Docplexus_demo.debug.xcconfig */;
			buildSettings = {
				ASSETCATALOG_COMPILER_APPICON_NAME = AppIcon;
				DEVELOPMENT_TEAM = 9K42YM4LDF;
				INFOPLIST_FILE = Docplexus_demo/Info.plist;
				LD_RUNPATH_SEARCH_PATHS = "$(inherited) @executable_path/Frameworks";
				PRODUCT_BUNDLE_IDENTIFIER = "myOrganise.kisa.Docplexus-demo";
				PRODUCT_NAME = "$(TARGET_NAME)";
				SWIFT_VERSION = 3.0;
			};
			name = Debug;
		};
		99331BDB205ABD0E008B5373 /* Release */ = {
			isa = XCBuildConfiguration;
			baseConfigurationReference = D60F7C5239565034221A6C0C /* Pods-Docplexus_demo.release.xcconfig */;
			buildSettings = {
				ASSETCATALOG_COMPILER_APPICON_NAME = AppIcon;
				DEVELOPMENT_TEAM = 9K42YM4LDF;
				INFOPLIST_FILE = Docplexus_demo/Info.plist;
				LD_RUNPATH_SEARCH_PATHS = "$(inherited) @executable_path/Frameworks";
				PRODUCT_BUNDLE_IDENTIFIER = "myOrganise.kisa.Docplexus-demo";
				PRODUCT_NAME = "$(TARGET_NAME)";
				SWIFT_VERSION = 3.0;
			};
			name = Release;
		};
/* End XCBuildConfiguration section */

/* Begin XCConfigurationList section */
		99331BC2205ABD0E008B5373 /* Build configuration list for PBXProject "Docplexus_demo" */ = {
			isa = XCConfigurationList;
			buildConfigurations = (
				99331BD7205ABD0E008B5373 /* Debug */,
				99331BD8205ABD0E008B5373 /* Release */,
			);
			defaultConfigurationIsVisible = 0;
			defaultConfigurationName = Release;
		};
		99331BD9205ABD0E008B5373 /* Build configuration list for PBXNativeTarget "Docplexus_demo" */ = {
			isa = XCConfigurationList;
			buildConfigurations = (
				99331BDA205ABD0E008B5373 /* Debug */,
				99331BDB205ABD0E008B5373 /* Release */,
			);
			defaultConfigurationIsVisible = 0;
			defaultConfigurationName = Release;
		};
/* End XCConfigurationList section */
	};
	rootObject = 99331BBF205ABD0E008B5373 /* Project object */;
}
